
Microsoft Visual Studio Solution File, Format Version 12.00
# Visual Studio 15
VisualStudioVersion = 15.0.27130.2027
MinimumVisualStudioVersion = 10.0.40219.1
Project("{8BC9CEB8-8B4A-11D0-8D11-00A0C91BC942}") = "server", "server\server.vcxproj", "{0FE9C0FD-1032-4271-AAEB-2D821B7D2E39}"
EndProject
Global
	GlobalSection(SolutionConfigurationPlatforms) = preSolution
		Debug|x64 = Debug|x64
		Debug|x86 = Debug|x86
		Release|x64 = Release|x64
		Release|x86 = Release|x86
	EndGlobalSection
	GlobalSection(ProjectConfigurationPlatforms) = postSolution
		{0FE9C0FD-1032-4271-AAEB-2D821B7D2E39}.Debug|x64.ActiveCfg = Debug|x64
		{0FE9C0FD-1032-4271-AAEB-2D821B7D2E39}.Debug|x64.Build.0 = Debug|x64
		{0FE9C0FD-1032-4271-AAEB-2D821B7D2E39}.Debug|x86.ActiveCfg = Debug|Win32
		{0FE9C0FD-1032-4271-AAEB-2D821B7D2E39}.Debug|x86.Build.0 = Debug|Win32
		{0FE9C0FD-1032-4271-AAEB-2D821B7D2E39}.Release|x64.ActiveCfg = Release|x64
		{0FE9C0FD-1032-4271-AAEB-2D821B7D2E39}.Release|x64.Build.0 = Release|x64
		{0FE9C0FD-1032-4271-AAEB-2D821B7D2E39}.Release|x86.ActiveCfg = Release|Win32
		{0FE9C0FD-1032-4271-AAEB-2D821B7D2E39}.Release|x86.Build.0 = Release|Win32
	EndGlobalSection
	GlobalSection(SolutionProperties) = preSolution
		HideSolutionNode = FALSE
	EndGlobalSection
	GlobalSection(ExtensibilityGlobals) = postSolution
		SolutionGuid = {F6438668-B441-4438-9CC5-5EF5CC61E850}
	EndGlobalSection
EndGlobal
